
Microsoft Visual Studio Solution File, Format Version 12.00
# Visual Studio 15
VisualStudioVersion = 15.0.27130.2010
MinimumVisualStudioVersion = 10.0.40219.1
Project("{FAE04EC0-301F-11D3-BF4B-00C04F79EFBC}") = "Client", "Client.csproj", "{083D0406-C7A1-4E1A-A0CA-01075385F31C}"
EndProject
Global
	GlobalSection(SolutionConfigurationPlatforms) = preSolution
		Debug|Any CPU = Debug|Any CPU
		Release|Any CPU = Release|Any CPU
	EndGlobalSection
	GlobalSection(ProjectConfigurationPlatforms) = postSolution
		{083D0406-C7A1-4E1A-A0CA-01075385F31C}.Debug|Any CPU.ActiveCfg = Debug|Any CPU
		{083D0406-C7A1-4E1A-A0CA-01075385F31C}.Debug|Any CPU.Build.0 = Debug|Any CPU
		{083D0406-C7A1-4E1A-A0CA-01075385F31C}.Release|Any CPU.ActiveCfg = Release|Any CPU
		{083D0406-C7A1-4E1A-A0CA-01075385F31C}.Release|Any CPU.Build.0 = Release|Any CPU
	EndGlobalSection
	GlobalSection(SolutionProperties) = preSolution
		HideSolutionNode = FALSE
	EndGlobalSection
	GlobalSection(ExtensibilityGlobals) = postSolution
		SolutionGuid = {444A94D2-8350-4EDF-AE24-D41A758F4D6D}
	EndGlobalSection
EndGlobal
